
Microsoft Visual Studio Solution File, Format Version 12.00
# Visual Studio Version 17
VisualStudioVersion = 17.12.35527.113 d17.12
MinimumVisualStudioVersion = 10.0.40219.1
Project("{FAE04EC0-301F-11D3-BF4B-00C04F79EFBC}") = "Examination_System", "Examination_System\Examination_System.csproj", "{466F6883-9528-493C-8145-0F0F6DD1870E}"
EndProject
Global
	GlobalSection(SolutionConfigurationPlatforms) = preSolution
		Debug|Any CPU = Debug|Any CPU
		Release|Any CPU = Release|Any CPU
	EndGlobalSection
	GlobalSection(ProjectConfigurationPlatforms) = postSolution
		{466F6883-9528-493C-8145-0F0F6DD1870E}.Debug|Any CPU.ActiveCfg = Debug|Any CPU
		{466F6883-9528-493C-8145-0F0F6DD1870E}.Debug|Any CPU.Build.0 = Debug|Any CPU
		{466F6883-9528-493C-8145-0F0F6DD1870E}.Release|Any CPU.ActiveCfg = Release|Any CPU
		{466F6883-9528-493C-8145-0F0F6DD1870E}.Release|Any CPU.Build.0 = Release|Any CPU
	EndGlobalSection
	GlobalSection(SolutionProperties) = preSolution
		HideSolutionNode = FALSE
	EndGlobalSection
EndGlobal
